
Microsoft Visual Studio Solution File, Format Version 12.00
# Visual Studio 15
VisualStudioVersion = 15.0.27703.2035
MinimumVisualStudioVersion = 10.0.40219.1
Project("{FAE04EC0-301F-11D3-BF4B-00C04F79EFBC}") = "Week2Examples", "Week2Examples\Week2Examples.csproj", "{2B376392-15B8-41BD-803D-814D1A8AF874}"
EndProject
Global
	GlobalSection(SolutionConfigurationPlatforms) = preSolution
		Debug|Any CPU = Debug|Any CPU
		Release|Any CPU = Release|Any CPU
	EndGlobalSection
	GlobalSection(ProjectConfigurationPlatforms) = postSolution
		{2B376392-15B8-41BD-803D-814D1A8AF874}.Debug|Any CPU.ActiveCfg = Debug|Any CPU
		{2B376392-15B8-41BD-803D-814D1A8AF874}.Debug|Any CPU.Build.0 = Debug|Any CPU
		{2B376392-15B8-41BD-803D-814D1A8AF874}.Release|Any CPU.ActiveCfg = Release|Any CPU
		{2B376392-15B8-41BD-803D-814D1A8AF874}.Release|Any CPU.Build.0 = Release|Any CPU
	EndGlobalSection
	GlobalSection(SolutionProperties) = preSolution
		HideSolutionNode = FALSE
	EndGlobalSection
	GlobalSection(ExtensibilityGlobals) = postSolution
		SolutionGuid = {9DA324DC-DC92-40FC-8F00-4BD474C4EA19}
	EndGlobalSection
EndGlobal
